
Microsoft Visual Studio Solution File, Format Version 12.00
# Visual Studio Version 16
VisualStudioVersion = 16.0.31424.327
MinimumVisualStudioVersion = 10.0.40219.1
Project("{FAE04EC0-301F-11D3-BF4B-00C04F79EFBC}") = "RectanglEncapApp", "RectanglEncapApp.csproj", "{E0CF9162-CB3E-43F0-B16A-98DF2A5DDACC}"
EndProject
Global
	GlobalSection(SolutionConfigurationPlatforms) = preSolution
		Debug|Any CPU = Debug|Any CPU
		Release|Any CPU = Release|Any CPU
	EndGlobalSection
	GlobalSection(ProjectConfigurationPlatforms) = postSolution
		{E0CF9162-CB3E-43F0-B16A-98DF2A5DDACC}.Debug|Any CPU.ActiveCfg = Debug|Any CPU
		{E0CF9162-CB3E-43F0-B16A-98DF2A5DDACC}.Debug|Any CPU.Build.0 = Debug|Any CPU
		{E0CF9162-CB3E-43F0-B16A-98DF2A5DDACC}.Release|Any CPU.ActiveCfg = Release|Any CPU
		{E0CF9162-CB3E-43F0-B16A-98DF2A5DDACC}.Release|Any CPU.Build.0 = Release|Any CPU
	EndGlobalSection
	GlobalSection(SolutionProperties) = preSolution
		HideSolutionNode = FALSE
	EndGlobalSection
	GlobalSection(ExtensibilityGlobals) = postSolution
		SolutionGuid = {D7AE45E2-170F-43F8-B75F-023F100E2EA3}
	EndGlobalSection
EndGlobal
